
Microsoft Visual Studio Solution File, Format Version 12.00
# Visual Studio Version 16
VisualStudioVersion = 16.0.31624.102
MinimumVisualStudioVersion = 10.0.40219.1
Project("{FAE04EC0-301F-11D3-BF4B-00C04F79EFBC}") = "CreaterGraphs", "CreaterGraphs.csproj", "{4DB77CFE-09EF-4896-8F97-58358FBD0ABF}"
EndProject
Global
	GlobalSection(SolutionConfigurationPlatforms) = preSolution
		Debug|Any CPU = Debug|Any CPU
		Release|Any CPU = Release|Any CPU
	EndGlobalSection
	GlobalSection(ProjectConfigurationPlatforms) = postSolution
		{4DB77CFE-09EF-4896-8F97-58358FBD0ABF}.Debug|Any CPU.ActiveCfg = Debug|Any CPU
		{4DB77CFE-09EF-4896-8F97-58358FBD0ABF}.Debug|Any CPU.Build.0 = Debug|Any CPU
		{4DB77CFE-09EF-4896-8F97-58358FBD0ABF}.Release|Any CPU.ActiveCfg = Release|Any CPU
		{4DB77CFE-09EF-4896-8F97-58358FBD0ABF}.Release|Any CPU.Build.0 = Release|Any CPU
	EndGlobalSection
	GlobalSection(SolutionProperties) = preSolution
		HideSolutionNode = FALSE
	EndGlobalSection
	GlobalSection(ExtensibilityGlobals) = postSolution
		SolutionGuid = {DBC5D410-79D6-49F1-AB16-10C3031C9922}
	EndGlobalSection
EndGlobal
